
Microsoft Visual Studio Solution File, Format Version 12.00
# Visual Studio Version 17
VisualStudioVersion = 17.5.33326.253
MinimumVisualStudioVersion = 10.0.40219.1
Project("{FAE04EC0-301F-11D3-BF4B-00C04F79EFBC}") = "Prog_124_W23_Midterm_Review", "Prog_124_W23_Midterm_Review.csproj", "{493D1A07-7D0D-42C3-A204-CE421D0F308E}"
EndProject
Global
	GlobalSection(SolutionConfigurationPlatforms) = preSolution
		Debug|Any CPU = Debug|Any CPU
		Release|Any CPU = Release|Any CPU
	EndGlobalSection
	GlobalSection(ProjectConfigurationPlatforms) = postSolution
		{493D1A07-7D0D-42C3-A204-CE421D0F308E}.Debug|Any CPU.ActiveCfg = Debug|Any CPU
		{493D1A07-7D0D-42C3-A204-CE421D0F308E}.Debug|Any CPU.Build.0 = Debug|Any CPU
		{493D1A07-7D0D-42C3-A204-CE421D0F308E}.Release|Any CPU.ActiveCfg = Release|Any CPU
		{493D1A07-7D0D-42C3-A204-CE421D0F308E}.Release|Any CPU.Build.0 = Release|Any CPU
	EndGlobalSection
	GlobalSection(SolutionProperties) = preSolution
		HideSolutionNode = FALSE
	EndGlobalSection
	GlobalSection(ExtensibilityGlobals) = postSolution
		SolutionGuid = {4A5601B6-4AD1-4C11-9D47-20CE5ACB1B78}
	EndGlobalSection
EndGlobal
